
Microsoft Visual Studio Solution File, Format Version 12.00
# Visual Studio Version 17
VisualStudioVersion = 17.12.35707.178 d17.12
MinimumVisualStudioVersion = 10.0.40219.1
Project("{9092AA53-FB77-4645-B42D-1CCCA6BD08BD}") = "TheWebsite", "TheWebsite\TheWebsite.njsproj", "{C313783C-241F-4C94-92AB-E13425AF3081}"
EndProject
Global
	GlobalSection(SolutionConfigurationPlatforms) = preSolution
		Debug|Any CPU = Debug|Any CPU
		Release|Any CPU = Release|Any CPU
	EndGlobalSection
	GlobalSection(ProjectConfigurationPlatforms) = postSolution
		{C313783C-241F-4C94-92AB-E13425AF3081}.Debug|Any CPU.ActiveCfg = Debug|Any CPU
		{C313783C-241F-4C94-92AB-E13425AF3081}.Debug|Any CPU.Build.0 = Debug|Any CPU
		{C313783C-241F-4C94-92AB-E13425AF3081}.Release|Any CPU.ActiveCfg = Release|Any CPU
		{C313783C-241F-4C94-92AB-E13425AF3081}.Release|Any CPU.Build.0 = Release|Any CPU
	EndGlobalSection
	GlobalSection(SolutionProperties) = preSolution
		HideSolutionNode = FALSE
	EndGlobalSection
EndGlobal
